// !$*UTF8*$!
{
	archiveVersion = 1;
	classes = {
	};
	objectVersion = 50;
	objects = {

/* Begin PBXBuildFile section */
		0E83970521664EF5004BEA60 /* Login.storyboard in Resources */ = {isa = PBXBuildFile; fileRef = 0E83970421664EF5004BEA60 /* Login.storyboard */; };
		0E83970A216650D8004BEA60 /* LoginService.swift in Sources */ = {isa = PBXBuildFile; fileRef = 0E839709216650D8004BEA60 /* LoginService.swift */; };
		0E83970D2166513F004BEA60 /* LoginServiceImpl.swift in Sources */ = {isa = PBXBuildFile; fileRef = 0E83970C2166513F004BEA60 /* LoginServiceImpl.swift */; };
		0E83970F2166517E004BEA60 /* LoginViewController.swift in Sources */ = {isa = PBXBuildFile; fileRef = 0E83970E2166517E004BEA60 /* LoginViewController.swift */; };
		0E83971121665193004BEA60 /* LoginViewInput.swift in Sources */ = {isa = PBXBuildFile; fileRef = 0E83971021665193004BEA60 /* LoginViewInput.swift */; };
		0E839713216651E1004BEA60 /* LoginViewOutput.swift in Sources */ = {isa = PBXBuildFile; fileRef = 0E839712216651E1004BEA60 /* LoginViewOutput.swift */; };
		0E83971521665215004BEA60 /* LoginRouterInput.swift in Sources */ = {isa = PBXBuildFile; fileRef = 0E83971421665215004BEA60 /* LoginRouterInput.swift */; };
		0E83971721665225004BEA60 /* LoginRouter.swift in Sources */ = {isa = PBXBuildFile; fileRef = 0E83971621665225004BEA60 /* LoginRouter.swift */; };
		0E83971921665379004BEA60 /* LoginInteractorOutput.swift in Sources */ = {isa = PBXBuildFile; fileRef = 0E83971821665379004BEA60 /* LoginInteractorOutput.swift */; };
		0E83971B2166539B004BEA60 /* LoginInteractorInput.swift in Sources */ = {isa = PBXBuildFile; fileRef = 0E83971A2166539B004BEA60 /* LoginInteractorInput.swift */; };
		0E83971D216653A6004BEA60 /* LoginInteractor.swift in Sources */ = {isa = PBXBuildFile; fileRef = 0E83971C216653A6004BEA60 /* LoginInteractor.swift */; };
		0E83971F216653C3004BEA60 /* LoginModuleInput.swift in Sources */ = {isa = PBXBuildFile; fileRef = 0E83971E216653C3004BEA60 /* LoginModuleInput.swift */; };
		0E839721216653D3004BEA60 /* LoginPresenter.swift in Sources */ = {isa = PBXBuildFile; fileRef = 0E839720216653D3004BEA60 /* LoginPresenter.swift */; };
		0E83972321665432004BEA60 /* LoginInitializer.swift in Sources */ = {isa = PBXBuildFile; fileRef = 0E83972221665432004BEA60 /* LoginInitializer.swift */; };
		0E8397252166545A004BEA60 /* LoginConfigurator.swift in Sources */ = {isa = PBXBuildFile; fileRef = 0E8397242166545A004BEA60 /* LoginConfigurator.swift */; };
		0EC323B821639C68004592BE /* AppDelegate.swift in Sources */ = {isa = PBXBuildFile; fileRef = 0EC323B721639C68004592BE /* AppDelegate.swift */; };
		0EC323BA21639C68004592BE /* ViewController.swift in Sources */ = {isa = PBXBuildFile; fileRef = 0EC323B921639C68004592BE /* ViewController.swift */; };
		0EC323BD21639C68004592BE /* Main.storyboard in Resources */ = {isa = PBXBuildFile; fileRef = 0EC323BB21639C68004592BE /* Main.storyboard */; };
		0EC323BF21639C69004592BE /* Assets.xcassets in Resources */ = {isa = PBXBuildFile; fileRef = 0EC323BE21639C69004592BE /* Assets.xcassets */; };
		0EC323C221639C69004592BE /* LaunchScreen.storyboard in Resources */ = {isa = PBXBuildFile; fileRef = 0EC323C021639C69004592BE /* LaunchScreen.storyboard */; };
		B8BB3D80258FC87DFF55B768 /* Pods_Pytch.framework in Frameworks */ = {isa = PBXBuildFile; fileRef = C603F211E2D9E84DBAD26980 /* Pods_Pytch.framework */; };
/* End PBXBuildFile section */

/* Begin PBXFileReference section */
		0E83970421664EF5004BEA60 /* Login.storyboard */ = {isa = PBXFileReference; lastKnownFileType = file.storyboard; path = Login.storyboard; sourceTree = "<group>"; };
		0E839709216650D8004BEA60 /* LoginService.swift */ = {isa = PBXFileReference; lastKnownFileType = sourcecode.swift; path = LoginService.swift; sourceTree = "<group>"; };
		0E83970C2166513F004BEA60 /* LoginServiceImpl.swift */ = {isa = PBXFileReference; lastKnownFileType = sourcecode.swift; path = LoginServiceImpl.swift; sourceTree = "<group>"; };
		0E83970E2166517E004BEA60 /* LoginViewController.swift */ = {isa = PBXFileReference; lastKnownFileType = sourcecode.swift; path = LoginViewController.swift; sourceTree = "<group>"; };
		0E83971021665193004BEA60 /* LoginViewInput.swift */ = {isa = PBXFileReference; lastKnownFileType = sourcecode.swift; path = LoginViewInput.swift; sourceTree = "<group>"; };
		0E839712216651E1004BEA60 /* LoginViewOutput.swift */ = {isa = PBXFileReference; lastKnownFileType = sourcecode.swift; path = LoginViewOutput.swift; sourceTree = "<group>"; };
		0E83971421665215004BEA60 /* LoginRouterInput.swift */ = {isa = PBXFileReference; lastKnownFileType = sourcecode.swift; path = LoginRouterInput.swift; sourceTree = "<group>"; };
		0E83971621665225004BEA60 /* LoginRouter.swift */ = {isa = PBXFileReference; lastKnownFileType = sourcecode.swift; path = LoginRouter.swift; sourceTree = "<group>"; };
		0E83971821665379004BEA60 /* LoginInteractorOutput.swift */ = {isa = PBXFileReference; lastKnownFileType = sourcecode.swift; path = LoginInteractorOutput.swift; sourceTree = "<group>"; };
		0E83971A2166539B004BEA60 /* LoginInteractorInput.swift */ = {isa = PBXFileReference; lastKnownFileType = sourcecode.swift; path = LoginInteractorInput.swift; sourceTree = "<group>"; };
		0E83971C216653A6004BEA60 /* LoginInteractor.swift */ = {isa = PBXFileReference; lastKnownFileType = sourcecode.swift; path = LoginInteractor.swift; sourceTree = "<group>"; };
		0E83971E216653C3004BEA60 /* LoginModuleInput.swift */ = {isa = PBXFileReference; lastKnownFileType = sourcecode.swift; path = LoginModuleInput.swift; sourceTree = "<group>"; };
		0E839720216653D3004BEA60 /* LoginPresenter.swift */ = {isa = PBXFileReference; lastKnownFileType = sourcecode.swift; path = LoginPresenter.swift; sourceTree = "<group>"; };
		0E83972221665432004BEA60 /* LoginInitializer.swift */ = {isa = PBXFileReference; lastKnownFileType = sourcecode.swift; path = LoginInitializer.swift; sourceTree = "<group>"; };
		0E8397242166545A004BEA60 /* LoginConfigurator.swift */ = {isa = PBXFileReference; lastKnownFileType = sourcecode.swift; path = LoginConfigurator.swift; sourceTree = "<group>"; };
		0EC323B421639C68004592BE /* Pytch.app */ = {isa = PBXFileReference; explicitFileType = wrapper.application; includeInIndex = 0; path = Pytch.app; sourceTree = BUILT_PRODUCTS_DIR; };
		0EC323B721639C68004592BE /* AppDelegate.swift */ = {isa = PBXFileReference; lastKnownFileType = sourcecode.swift; path = AppDelegate.swift; sourceTree = "<group>"; };
		0EC323B921639C68004592BE /* ViewController.swift */ = {isa = PBXFileReference; lastKnownFileType = sourcecode.swift; path = ViewController.swift; sourceTree = "<group>"; };
		0EC323BC21639C68004592BE /* Base */ = {isa = PBXFileReference; lastKnownFileType = file.storyboard; name = Base; path = Base.lproj/Main.storyboard; sourceTree = "<group>"; };
		0EC323BE21639C69004592BE /* Assets.xcassets */ = {isa = PBXFileReference; lastKnownFileType = folder.assetcatalog; path = Assets.xcassets; sourceTree = "<group>"; };
		0EC323C121639C69004592BE /* Base */ = {isa = PBXFileReference; lastKnownFileType = file.storyboard; name = Base; path = Base.lproj/LaunchScreen.storyboard; sourceTree = "<group>"; };
		0EC323C321639C6A004592BE /* Info.plist */ = {isa = PBXFileReference; lastKnownFileType = text.plist.xml; path = Info.plist; sourceTree = "<group>"; };
		3BC57A36445559EC90CAA649 /* Pods-Pytch.release.xcconfig */ = {isa = PBXFileReference; includeInIndex = 1; lastKnownFileType = text.xcconfig; name = "Pods-Pytch.release.xcconfig"; path = "Pods/Target Support Files/Pods-Pytch/Pods-Pytch.release.xcconfig"; sourceTree = "<group>"; };
		C603F211E2D9E84DBAD26980 /* Pods_Pytch.framework */ = {isa = PBXFileReference; explicitFileType = wrapper.framework; includeInIndex = 0; path = Pods_Pytch.framework; sourceTree = BUILT_PRODUCTS_DIR; };
		F1BDB6B27D78C723232840FD /* Pods-Pytch.debug.xcconfig */ = {isa = PBXFileReference; includeInIndex = 1; lastKnownFileType = text.xcconfig; name = "Pods-Pytch.debug.xcconfig"; path = "Pods/Target Support Files/Pods-Pytch/Pods-Pytch.debug.xcconfig"; sourceTree = "<group>"; };
/* End PBXFileReference section */

/* Begin PBXFrameworksBuildPhase section */
		0EC323B121639C68004592BE /* Frameworks */ = {
			isa = PBXFrameworksBuildPhase;
			buildActionMask = 2147483647;
			files = (
				B8BB3D80258FC87DFF55B768 /* Pods_Pytch.framework in Frameworks */,
			);
			runOnlyForDeploymentPostprocessing = 0;
		};
/* End PBXFrameworksBuildPhase section */

/* Begin PBXGroup section */
		0E8396FC21664CDE004BEA60 /* Login */ = {
			isa = PBXGroup;
			children = (
				0E83970321664EE7004BEA60 /* Storyboard */,
				0E83970221664EE1004BEA60 /* Assembly */,
				0E83970121664EDB004BEA60 /* Interactor */,
				0E8396FF21664ECF004BEA60 /* Presenter */,
				0E83970021664ED7004BEA60 /* Router */,
				0E8396FE21664EC3004BEA60 /* View */,
			);
			path = Login;
			sourceTree = "<group>";
		};
		0E8396FD21664E86004BEA60 /* TabBar */ = {
			isa = PBXGroup;
			children = (
			);
			path = TabBar;
			sourceTree = "<group>";
		};
		0E8396FE21664EC3004BEA60 /* View */ = {
			isa = PBXGroup;
			children = (
				0E83971021665193004BEA60 /* LoginViewInput.swift */,
				0E839712216651E1004BEA60 /* LoginViewOutput.swift */,
				0E83970E2166517E004BEA60 /* LoginViewController.swift */,
			);
			path = View;
			sourceTree = "<group>";
		};
		0E8396FF21664ECF004BEA60 /* Presenter */ = {
			isa = PBXGroup;
			children = (
				0E83971E216653C3004BEA60 /* LoginModuleInput.swift */,
				0E839720216653D3004BEA60 /* LoginPresenter.swift */,
			);
			path = Presenter;
			sourceTree = "<group>";
		};
		0E83970021664ED7004BEA60 /* Router */ = {
			isa = PBXGroup;
			children = (
				0E83971421665215004BEA60 /* LoginRouterInput.swift */,
				0E83971621665225004BEA60 /* LoginRouter.swift */,
			);
			path = Router;
			sourceTree = "<group>";
		};
		0E83970121664EDB004BEA60 /* Interactor */ = {
			isa = PBXGroup;
			children = (
				0E83971821665379004BEA60 /* LoginInteractorOutput.swift */,
				0E83971A2166539B004BEA60 /* LoginInteractorInput.swift */,
				0E83971C216653A6004BEA60 /* LoginInteractor.swift */,
			);
			path = Interactor;
			sourceTree = "<group>";
		};
		0E83970221664EE1004BEA60 /* Assembly */ = {
			isa = PBXGroup;
			children = (
				0E83972221665432004BEA60 /* LoginInitializer.swift */,
				0E8397242166545A004BEA60 /* LoginConfigurator.swift */,
			);
			path = Assembly;
			sourceTree = "<group>";
		};
		0E83970321664EE7004BEA60 /* Storyboard */ = {
			isa = PBXGroup;
			children = (
				0E83970421664EF5004BEA60 /* Login.storyboard */,
			);
			path = Storyboard;
			sourceTree = "<group>";
		};
		0E83970621665055004BEA60 /* Business */ = {
			isa = PBXGroup;
			children = (
				0E839707216650BC004BEA60 /* Services */,
			);
			path = Business;
			sourceTree = "<group>";
		};
		0E839707216650BC004BEA60 /* Services */ = {
			isa = PBXGroup;
			children = (
				0E839708216650C6004BEA60 /* Login */,
			);
			path = Services;
			sourceTree = "<group>";
		};
		0E839708216650C6004BEA60 /* Login */ = {
			isa = PBXGroup;
			children = (
				0E83970B21665114004BEA60 /* Impl */,
				0E839709216650D8004BEA60 /* LoginService.swift */,
			);
			path = Login;
			sourceTree = "<group>";
		};
		0E83970B21665114004BEA60 /* Impl */ = {
			isa = PBXGroup;
			children = (
				0E83970C2166513F004BEA60 /* LoginServiceImpl.swift */,
			);
			path = Impl;
			sourceTree = "<group>";
		};
		0EC323AB21639C68004592BE = {
			isa = PBXGroup;
			children = (
				0EC323B621639C68004592BE /* Pytch */,
				0EC323B521639C68004592BE /* Products */,
				8DAC57DD0FFC94F15ACFEDBC /* Pods */,
				C23BDF4F8340D23D6D8FF167 /* Frameworks */,
			);
			sourceTree = "<group>";
		};
		0EC323B521639C68004592BE /* Products */ = {
			isa = PBXGroup;
			children = (
				0EC323B421639C68004592BE /* Pytch.app */,
			);
			name = Products;
			sourceTree = "<group>";
		};
		0EC323B621639C68004592BE /* Pytch */ = {
			isa = PBXGroup;
			children = (
				0EC323CB2163B893004592BE /* Classes */,
				0EC323CC2163B89C004592BE /* Resources */,
			);
			path = Pytch;
			sourceTree = "<group>";
		};
		0EC323C92163B862004592BE /* Application */ = {
			isa = PBXGroup;
			children = (
				0EC323B721639C68004592BE /* AppDelegate.swift */,
			);
			path = Application;
			sourceTree = "<group>";
		};
		0EC323CA2163B87D004592BE /* Presentation */ = {
			isa = PBXGroup;
			children = (
				0E8396FC21664CDE004BEA60 /* Login */,
				0E8396FD21664E86004BEA60 /* TabBar */,
				0EC323C021639C69004592BE /* LaunchScreen.storyboard */,
				0EC323BB21639C68004592BE /* Main.storyboard */,
				0EC323B921639C68004592BE /* ViewController.swift */,
			);
			path = Presentation;
			sourceTree = "<group>";
		};
		0EC323CB2163B893004592BE /* Classes */ = {
			isa = PBXGroup;
			children = (
				0EC323C92163B862004592BE /* Application */,
				0E83970621665055004BEA60 /* Business */,
				0EC323CA2163B87D004592BE /* Presentation */,
			);
			path = Classes;
			sourceTree = "<group>";
		};
		0EC323CC2163B89C004592BE /* Resources */ = {
			isa = PBXGroup;
			children = (
				0EC323CE2163B8C2004592BE /* Images */,
				0EC323CD2163B8AC004592BE /* Plists */,
			);
			path = Resources;
			sourceTree = "<group>";
		};
		0EC323CD2163B8AC004592BE /* Plists */ = {
			isa = PBXGroup;
			children = (
				0EC323C321639C6A004592BE /* Info.plist */,
			);
			path = Plists;
			sourceTree = "<group>";
		};
		0EC323CE2163B8C2004592BE /* Images */ = {
			isa = PBXGroup;
			children = (
				0EC323BE21639C69004592BE /* Assets.xcassets */,
			);
			path = Images;
			sourceTree = "<group>";
		};
		8DAC57DD0FFC94F15ACFEDBC /* Pods */ = {
			isa = PBXGroup;
			children = (
				F1BDB6B27D78C723232840FD /* Pods-Pytch.debug.xcconfig */,
				3BC57A36445559EC90CAA649 /* Pods-Pytch.release.xcconfig */,
			);
			name = Pods;
			sourceTree = "<group>";
		};
		C23BDF4F8340D23D6D8FF167 /* Frameworks */ = {
			isa = PBXGroup;
			children = (
				C603F211E2D9E84DBAD26980 /* Pods_Pytch.framework */,
			);
			name = Frameworks;
			sourceTree = "<group>";
		};
/* End PBXGroup section */

/* Begin PBXNativeTarget section */
		0EC323B321639C68004592BE /* Pytch */ = {
			isa = PBXNativeTarget;
			buildConfigurationList = 0EC323C621639C6A004592BE /* Build configuration list for PBXNativeTarget "Pytch" */;
			buildPhases = (
				F61C1B44D8A0A6432D4240D0 /* [CP] Check Pods Manifest.lock */,
				0EC323B021639C68004592BE /* Sources */,
				0EC323B121639C68004592BE /* Frameworks */,
				0EC323B221639C68004592BE /* Resources */,
				6AC3C31C54A26DC788E384F9 /* [CP] Embed Pods Frameworks */,
			);
			buildRules = (
			);
			dependencies = (
			);
			name = Pytch;
			productName = Pytch;
			productReference = 0EC323B421639C68004592BE /* Pytch.app */;
			productType = "com.apple.product-type.application";
		};
/* End PBXNativeTarget section */

/* Begin PBXProject section */
		0EC323AC21639C68004592BE /* Project object */ = {
			isa = PBXProject;
			attributes = {
				LastSwiftUpdateCheck = 1000;
				LastUpgradeCheck = 1000;
				ORGANIZATIONNAME = "Aparlay Limited";
				TargetAttributes = {
					0EC323B321639C68004592BE = {
						CreatedOnToolsVersion = 10.0;
					};
				};
			};
			buildConfigurationList = 0EC323AF21639C68004592BE /* Build configuration list for PBXProject "Pytch" */;
			compatibilityVersion = "Xcode 9.3";
			developmentRegion = en;
			hasScannedForEncodings = 0;
			knownRegions = (
				en,
				Base,
			);
			mainGroup = 0EC323AB21639C68004592BE;
			productRefGroup = 0EC323B521639C68004592BE /* Products */;
			projectDirPath = "";
			projectRoot = "";
			targets = (
				0EC323B321639C68004592BE /* Pytch */,
			);
		};
/* End PBXProject section */

/* Begin PBXResourcesBuildPhase section */
		0EC323B221639C68004592BE /* Resources */ = {
			isa = PBXResourcesBuildPhase;
			buildActionMask = 2147483647;
			files = (
				0E83970521664EF5004BEA60 /* Login.storyboard in Resources */,
				0EC323C221639C69004592BE /* LaunchScreen.storyboard in Resources */,
				0EC323BF21639C69004592BE /* Assets.xcassets in Resources */,
				0EC323BD21639C68004592BE /* Main.storyboard in Resources */,
			);
			runOnlyForDeploymentPostprocessing = 0;
		};
/* End PBXResourcesBuildPhase section */

/* Begin PBXShellScriptBuildPhase section */
		6AC3C31C54A26DC788E384F9 /* [CP] Embed Pods Frameworks */ = {
			isa = PBXShellScriptBuildPhase;
			buildActionMask = 2147483647;
			files = (
			);
			inputFileListPaths = (
			);
			inputPaths = (
				"${SRCROOT}/Pods/Target Support Files/Pods-Pytch/Pods-Pytch-frameworks.sh",
				"${BUILT_PRODUCTS_DIR}/LightRoute/LightRoute.framework",
				"${BUILT_PRODUCTS_DIR}/Swinject/Swinject.framework",
			);
			name = "[CP] Embed Pods Frameworks";
			outputFileListPaths = (
			);
			outputPaths = (
				"${TARGET_BUILD_DIR}/${FRAMEWORKS_FOLDER_PATH}/LightRoute.framework",
				"${TARGET_BUILD_DIR}/${FRAMEWORKS_FOLDER_PATH}/Swinject.framework",
			);
			runOnlyForDeploymentPostprocessing = 0;
			shellPath = /bin/sh;
			shellScript = "\"${SRCROOT}/Pods/Target Support Files/Pods-Pytch/Pods-Pytch-frameworks.sh\"\n";
			showEnvVarsInLog = 0;
		};
		F61C1B44D8A0A6432D4240D0 /* [CP] Check Pods Manifest.lock */ = {
			isa = PBXShellScriptBuildPhase;
			buildActionMask = 2147483647;
			files = (
			);
			inputFileListPaths = (
			);
			inputPaths = (
				"${PODS_PODFILE_DIR_PATH}/Podfile.lock",
				"${PODS_ROOT}/Manifest.lock",
			);
			name = "[CP] Check Pods Manifest.lock";
			outputFileListPaths = (
			);
			outputPaths = (
				"$(DERIVED_FILE_DIR)/Pods-Pytch-checkManifestLockResult.txt",
			);
			runOnlyForDeploymentPostprocessing = 0;
			shellPath = /bin/sh;
			shellScript = "diff \"${PODS_PODFILE_DIR_PATH}/Podfile.lock\" \"${PODS_ROOT}/Manifest.lock\" > /dev/null\nif [ $? != 0 ] ; then\n    # print error to STDERR\n    echo \"error: The sandbox is not in sync with the Podfile.lock. Run 'pod install' or update your CocoaPods installation.\" >&2\n    exit 1\nfi\n# This output is used by Xcode 'outputs' to avoid re-running this script phase.\necho \"SUCCESS\" > \"${SCRIPT_OUTPUT_FILE_0}\"\n";
			showEnvVarsInLog = 0;
		};
/* End PBXShellScriptBuildPhase section */

/* Begin PBXSourcesBuildPhase section */
		0EC323B021639C68004592BE /* Sources */ = {
			isa = PBXSourcesBuildPhase;
			buildActionMask = 2147483647;
			files = (
				0E83972321665432004BEA60 /* LoginInitializer.swift in Sources */,
				0EC323BA21639C68004592BE /* ViewController.swift in Sources */,
				0E83971921665379004BEA60 /* LoginInteractorOutput.swift in Sources */,
				0E839721216653D3004BEA60 /* LoginPresenter.swift in Sources */,
				0E83971121665193004BEA60 /* LoginViewInput.swift in Sources */,
				0E83970D2166513F004BEA60 /* LoginServiceImpl.swift in Sources */,
				0E83971521665215004BEA60 /* LoginRouterInput.swift in Sources */,
				0E839713216651E1004BEA60 /* LoginViewOutput.swift in Sources */,
				0E83971721665225004BEA60 /* LoginRouter.swift in Sources */,
				0E83970A216650D8004BEA60 /* LoginService.swift in Sources */,
				0E83971F216653C3004BEA60 /* LoginModuleInput.swift in Sources */,
				0E83971D216653A6004BEA60 /* LoginInteractor.swift in Sources */,
				0E83970F2166517E004BEA60 /* LoginViewController.swift in Sources */,
				0EC323B821639C68004592BE /* AppDelegate.swift in Sources */,
				0E8397252166545A004BEA60 /* LoginConfigurator.swift in Sources */,
				0E83971B2166539B004BEA60 /* LoginInteractorInput.swift in Sources */,
			);
			runOnlyForDeploymentPostprocessing = 0;
		};
/* End PBXSourcesBuildPhase section */

/* Begin PBXVariantGroup section */
		0EC323BB21639C68004592BE /* Main.storyboard */ = {
			isa = PBXVariantGroup;
			children = (
				0EC323BC21639C68004592BE /* Base */,
			);
			name = Main.storyboard;
			sourceTree = "<group>";
		};
		0EC323C021639C69004592BE /* LaunchScreen.storyboard */ = {
			isa = PBXVariantGroup;
			children = (
				0EC323C121639C69004592BE /* Base */,
			);
			name = LaunchScreen.storyboard;
			sourceTree = "<group>";
		};
/* End PBXVariantGroup section */

/* Begin XCBuildConfiguration section */
		0EC323C421639C6A004592BE /* Debug */ = {
			isa = XCBuildConfiguration;
			buildSettings = {
				ALWAYS_SEARCH_USER_PATHS = NO;
				CLANG_ANALYZER_NONNULL = YES;
				CLANG_ANALYZER_NUMBER_OBJECT_CONVERSION = YES_AGGRESSIVE;
				CLANG_CXX_LANGUAGE_STANDARD = "gnu++14";
				CLANG_CXX_LIBRARY = "libc++";
				CLANG_ENABLE_MODULES = YES;
				CLANG_ENABLE_OBJC_ARC = YES;
				CLANG_ENABLE_OBJC_WEAK = YES;
				CLANG_WARN_BLOCK_CAPTURE_AUTORELEASING = YES;
				CLANG_WARN_BOOL_CONVERSION = YES;
				CLANG_WARN_COMMA = YES;
				CLANG_WARN_CONSTANT_CONVERSION = YES;
				CLANG_WARN_DEPRECATED_OBJC_IMPLEMENTATIONS = YES;
				CLANG_WARN_DIRECT_OBJC_ISA_USAGE = YES_ERROR;
				CLANG_WARN_DOCUMENTATION_COMMENTS = YES;
				CLANG_WARN_EMPTY_BODY = YES;
				CLANG_WARN_ENUM_CONVERSION = YES;
				CLANG_WARN_INFINITE_RECURSION = YES;
				CLANG_WARN_INT_CONVERSION = YES;
				CLANG_WARN_NON_LITERAL_NULL_CONVERSION = YES;
				CLANG_WARN_OBJC_IMPLICIT_RETAIN_SELF = YES;
				CLANG_WARN_OBJC_LITERAL_CONVERSION = YES;
				CLANG_WARN_OBJC_ROOT_CLASS = YES_ERROR;
				CLANG_WARN_RANGE_LOOP_ANALYSIS = YES;
				CLANG_WARN_STRICT_PROTOTYPES = YES;
				CLANG_WARN_SUSPICIOUS_MOVE = YES;
				CLANG_WARN_UNGUARDED_AVAILABILITY = YES_AGGRESSIVE;
				CLANG_WARN_UNREACHABLE_CODE = YES;
				CLANG_WARN__DUPLICATE_METHOD_MATCH = YES;
				CODE_SIGN_IDENTITY = "iPhone Developer";
				COPY_PHASE_STRIP = NO;
				DEBUG_INFORMATION_FORMAT = dwarf;
				ENABLE_STRICT_OBJC_MSGSEND = YES;
				ENABLE_TESTABILITY = YES;
				GCC_C_LANGUAGE_STANDARD = gnu11;
				GCC_DYNAMIC_NO_PIC = NO;
				GCC_NO_COMMON_BLOCKS = YES;
				GCC_OPTIMIZATION_LEVEL = 0;
				GCC_PREPROCESSOR_DEFINITIONS = (
					"DEBUG=1",
					"$(inherited)",
				);
				GCC_WARN_64_TO_32_BIT_CONVERSION = YES;
				GCC_WARN_ABOUT_RETURN_TYPE = YES_ERROR;
				GCC_WARN_UNDECLARED_SELECTOR = YES;
				GCC_WARN_UNINITIALIZED_AUTOS = YES_AGGRESSIVE;
				GCC_WARN_UNUSED_FUNCTION = YES;
				GCC_WARN_UNUSED_VARIABLE = YES;
				IPHONEOS_DEPLOYMENT_TARGET = 12.0;
				MTL_ENABLE_DEBUG_INFO = INCLUDE_SOURCE;
				MTL_FAST_MATH = YES;
				ONLY_ACTIVE_ARCH = YES;
				SDKROOT = iphoneos;
				SWIFT_ACTIVE_COMPILATION_CONDITIONS = DEBUG;
				SWIFT_OPTIMIZATION_LEVEL = "-Onone";
			};
			name = Debug;
		};
		0EC323C521639C6A004592BE /* Release */ = {
			isa = XCBuildConfiguration;
			buildSettings = {
				ALWAYS_SEARCH_USER_PATHS = NO;
				CLANG_ANALYZER_NONNULL = YES;
				CLANG_ANALYZER_NUMBER_OBJECT_CONVERSION = YES_AGGRESSIVE;
				CLANG_CXX_LANGUAGE_STANDARD = "gnu++14";
				CLANG_CXX_LIBRARY = "libc++";
				CLANG_ENABLE_MODULES = YES;
				CLANG_ENABLE_OBJC_ARC = YES;
				CLANG_ENABLE_OBJC_WEAK = YES;
				CLANG_WARN_BLOCK_CAPTURE_AUTORELEASING = YES;
				CLANG_WARN_BOOL_CONVERSION = YES;
				CLANG_WARN_COMMA = YES;
				CLANG_WARN_CONSTANT_CONVERSION = YES;
				CLANG_WARN_DEPRECATED_OBJC_IMPLEMENTATIONS = YES;
				CLANG_WARN_DIRECT_OBJC_ISA_USAGE = YES_ERROR;
				CLANG_WARN_DOCUMENTATION_COMMENTS = YES;
				CLANG_WARN_EMPTY_BODY = YES;
				CLANG_WARN_ENUM_CONVERSION = YES;
				CLANG_WARN_INFINITE_RECURSION = YES;
				CLANG_WARN_INT_CONVERSION = YES;
				CLANG_WARN_NON_LITERAL_NULL_CONVERSION = YES;
				CLANG_WARN_OBJC_IMPLICIT_RETAIN_SELF = YES;
				CLANG_WARN_OBJC_LITERAL_CONVERSION = YES;
				CLANG_WARN_OBJC_ROOT_CLASS = YES_ERROR;
				CLANG_WARN_RANGE_LOOP_ANALYSIS = YES;
				CLANG_WARN_STRICT_PROTOTYPES = YES;
				CLANG_WARN_SUSPICIOUS_MOVE = YES;
				CLANG_WARN_UNGUARDED_AVAILABILITY = YES_AGGRESSIVE;
				CLANG_WARN_UNREACHABLE_CODE = YES;
				CLANG_WARN__DUPLICATE_METHOD_MATCH = YES;
				CODE_SIGN_IDENTITY = "iPhone Developer";
				COPY_PHASE_STRIP = NO;
				DEBUG_INFORMATION_FORMAT = "dwarf-with-dsym";
				ENABLE_NS_ASSERTIONS = NO;
				ENABLE_STRICT_OBJC_MSGSEND = YES;
				GCC_C_LANGUAGE_STANDARD = gnu11;
				GCC_NO_COMMON_BLOCKS = YES;
				GCC_WARN_64_TO_32_BIT_CONVERSION = YES;
				GCC_WARN_ABOUT_RETURN_TYPE = YES_ERROR;
				GCC_WARN_UNDECLARED_SELECTOR = YES;
				GCC_WARN_UNINITIALIZED_AUTOS = YES_AGGRESSIVE;
				GCC_WARN_UNUSED_FUNCTION = YES;
				GCC_WARN_UNUSED_VARIABLE = YES;
				IPHONEOS_DEPLOYMENT_TARGET = 12.0;
				MTL_ENABLE_DEBUG_INFO = NO;
				MTL_FAST_MATH = YES;
				SDKROOT = iphoneos;
				SWIFT_COMPILATION_MODE = wholemodule;
				SWIFT_OPTIMIZATION_LEVEL = "-O";
				VALIDATE_PRODUCT = YES;
			};
			name = Release;
		};
		0EC323C721639C6A004592BE /* Debug */ = {
			isa = XCBuildConfiguration;
			baseConfigurationReference = F1BDB6B27D78C723232840FD /* Pods-Pytch.debug.xcconfig */;
			buildSettings = {
				ASSETCATALOG_COMPILER_APPICON_NAME = AppIcon;
				CODE_SIGN_STYLE = Automatic;
				DEVELOPMENT_TEAM = JKFT3KNQJ6;
				INFOPLIST_FILE = "$(SRCROOT)/Pytch/Resources/Plists/Info.plist";
				LD_RUNPATH_SEARCH_PATHS = (
					"$(inherited)",
					"@executable_path/Frameworks",
				);
				PRODUCT_BUNDLE_IDENTIFIER = app.pytch.ios;
				PRODUCT_NAME = "$(TARGET_NAME)";
				SWIFT_VERSION = 4.2;
				TARGETED_DEVICE_FAMILY = "1,2";
			};
			name = Debug;
		};
		0EC323C821639C6A004592BE /* Release */ = {
			isa = XCBuildConfiguration;
			baseConfigurationReference = 3BC57A36445559EC90CAA649 /* Pods-Pytch.release.xcconfig */;
			buildSettings = {
				ASSETCATALOG_COMPILER_APPICON_NAME = AppIcon;
				CODE_SIGN_STYLE = Automatic;
				DEVELOPMENT_TEAM = JKFT3KNQJ6;
				INFOPLIST_FILE = "$(SRCROOT)/Pytch/Resources/Plists/Info.plist";
				LD_RUNPATH_SEARCH_PATHS = (
					"$(inherited)",
					"@executable_path/Frameworks",
				);
				PRODUCT_BUNDLE_IDENTIFIER = app.pytch.ios;
				PRODUCT_NAME = "$(TARGET_NAME)";
				SWIFT_VERSION = 4.2;
				TARGETED_DEVICE_FAMILY = "1,2";
			};
			name = Release;
		};
/* End XCBuildConfiguration section */

/* Begin XCConfigurationList section */
		0EC323AF21639C68004592BE /* Build configuration list for PBXProject "Pytch" */ = {
			isa = XCConfigurationList;
			buildConfigurations = (
				0EC323C421639C6A004592BE /* Debug */,
				0EC323C521639C6A004592BE /* Release */,
			);
			defaultConfigurationIsVisible = 0;
			defaultConfigurationName = Release;
		};
		0EC323C621639C6A004592BE /* Build configuration list for PBXNativeTarget "Pytch" */ = {
			isa = XCConfigurationList;
			buildConfigurations = (
				0EC323C721639C6A004592BE /* Debug */,
				0EC323C821639C6A004592BE /* Release */,
			);
			defaultConfigurationIsVisible = 0;
			defaultConfigurationName = Release;
		};
/* End XCConfigurationList section */
	};
	rootObject = 0EC323AC21639C68004592BE /* Project object */;
}
